
Microsoft Visual Studio Solution File, Format Version 12.00
# Visual Studio Version 16
VisualStudioVersion = 16.0.31005.135
MinimumVisualStudioVersion = 10.0.40219.1
Project("{FAE04EC0-301F-11D3-BF4B-00C04F79EFBC}") = "IMC_DI_TaxJarCalculation", "IMC_DI_TaxJarCalculation.csproj", "{D4B36B6A-E59E-4DD0-8D83-AAC56CD500A0}"
EndProject
Project("{FAE04EC0-301F-11D3-BF4B-00C04F79EFBC}") = "IMC_DI_TaxJarCalculationTests", "..\IMC_DI_TaxJarCalculationTests\IMC_DI_TaxJarCalculationTests.csproj", "{2182A0B4-6326-4562-8E20-4D05F6CEA964}"
EndProject
Global
	GlobalSection(SolutionConfigurationPlatforms) = preSolution
		Debug|Any CPU = Debug|Any CPU
		Release|Any CPU = Release|Any CPU
	EndGlobalSection
	GlobalSection(ProjectConfigurationPlatforms) = postSolution
		{D4B36B6A-E59E-4DD0-8D83-AAC56CD500A0}.Debug|Any CPU.ActiveCfg = Debug|Any CPU
		{D4B36B6A-E59E-4DD0-8D83-AAC56CD500A0}.Debug|Any CPU.Build.0 = Debug|Any CPU
		{D4B36B6A-E59E-4DD0-8D83-AAC56CD500A0}.Release|Any CPU.ActiveCfg = Release|Any CPU
		{D4B36B6A-E59E-4DD0-8D83-AAC56CD500A0}.Release|Any CPU.Build.0 = Release|Any CPU
		{2182A0B4-6326-4562-8E20-4D05F6CEA964}.Debug|Any CPU.ActiveCfg = Debug|Any CPU
		{2182A0B4-6326-4562-8E20-4D05F6CEA964}.Debug|Any CPU.Build.0 = Debug|Any CPU
		{2182A0B4-6326-4562-8E20-4D05F6CEA964}.Release|Any CPU.ActiveCfg = Release|Any CPU
		{2182A0B4-6326-4562-8E20-4D05F6CEA964}.Release|Any CPU.Build.0 = Release|Any CPU
	EndGlobalSection
	GlobalSection(SolutionProperties) = preSolution
		HideSolutionNode = FALSE
	EndGlobalSection
	GlobalSection(ExtensibilityGlobals) = postSolution
		SolutionGuid = {BEA09749-8DC4-462D-88BA-390372A1574D}
	EndGlobalSection
EndGlobal
